
Microsoft Visual Studio Solution File, Format Version 12.00
# Visual Studio Version 17
VisualStudioVersion = 17.11.35222.181
MinimumVisualStudioVersion = 10.0.40219.1
Project("{FAE04EC0-301F-11D3-BF4B-00C04F79EFBC}") = "RedisImplementation", "RedisImplementation\RedisImplementation.csproj", "{734E4EAE-097D-46E1-8A5F-24D23CE71771}"
EndProject
Global
	GlobalSection(SolutionConfigurationPlatforms) = preSolution
		Debug|Any CPU = Debug|Any CPU
		Release|Any CPU = Release|Any CPU
	EndGlobalSection
	GlobalSection(ProjectConfigurationPlatforms) = postSolution
		{734E4EAE-097D-46E1-8A5F-24D23CE71771}.Debug|Any CPU.ActiveCfg = Debug|Any CPU
		{734E4EAE-097D-46E1-8A5F-24D23CE71771}.Debug|Any CPU.Build.0 = Debug|Any CPU
		{734E4EAE-097D-46E1-8A5F-24D23CE71771}.Release|Any CPU.ActiveCfg = Release|Any CPU
		{734E4EAE-097D-46E1-8A5F-24D23CE71771}.Release|Any CPU.Build.0 = Release|Any CPU
	EndGlobalSection
	GlobalSection(SolutionProperties) = preSolution
		HideSolutionNode = FALSE
	EndGlobalSection
	GlobalSection(ExtensibilityGlobals) = postSolution
		SolutionGuid = {DCC14EB1-BB67-4E86-B924-DFCB9FBFEB2E}
	EndGlobalSection
EndGlobal
